
Microsoft Visual Studio Solution File, Format Version 12.00
# Visual Studio Version 17
VisualStudioVersion = 17.0.31903.59
MinimumVisualStudioVersion = 10.0.40219.1
Project("{2150E333-8FDC-42A3-9474-1A3956D46DE8}") = "src", "src", "{B714FF98-80C7-4D8D-9740-C7FDDB8EE83C}"
EndProject
Project("{2150E333-8FDC-42A3-9474-1A3956D46DE8}") = "test", "test", "{7D4D713E-9F3D-4E08-83B7-AE74DA0E8FE4}"
EndProject
Project("{2150E333-8FDC-42A3-9474-1A3956D46DE8}") = "API", "API", "{A389B1B7-866A-4D53-A549-39497154A884}"
EndProject
Project("{2150E333-8FDC-42A3-9474-1A3956D46DE8}") = "Core", "Core", "{5AD039EF-294F-4282-A5F2-6ED3DDA2353D}"
EndProject
Project("{2150E333-8FDC-42A3-9474-1A3956D46DE8}") = "Infrastructure", "Infrastructure", "{8BCE52C9-8EB8-4D73-AB15-E06D48130FCE}"
EndProject
Project("{2150E333-8FDC-42A3-9474-1A3956D46DE8}") = "UI", "UI", "{A2548F4E-2E06-4987-8E86-84CF4667A8F7}"
EndProject
Project("{FAE04EC0-301F-11D3-BF4B-00C04F79EFBC}") = "HR.LeaveManagement.Application", "HR.LeaveManagement.Application\HR.LeaveManagement.Application.csproj", "{5C13B37C-63B6-486E-A19F-0042D03D97A9}"
EndProject
Project("{FAE04EC0-301F-11D3-BF4B-00C04F79EFBC}") = "HR.LeaveManagement.Domain", "HR.LeaveManagement.Domain\HR.LeaveManagement.Domain.csproj", "{DF0099B9-FBD9-49CC-B983-92E138B197B0}"
EndProject
Project("{FAE04EC0-301F-11D3-BF4B-00C04F79EFBC}") = "HR.LeaveManagement.Infrastructure", "HR.LeaveManagement.Infrastructure\HR.LeaveManagement.Infrastructure.csproj", "{5FEF079E-72A7-49C3-ABFB-8CAC6880AA5C}"
EndProject
Project("{FAE04EC0-301F-11D3-BF4B-00C04F79EFBC}") = "HR.LeaveManagement.Persistence", "HR.LeaveManagement.Persistence\HR.LeaveManagement.Persistence.csproj", "{6FD4EBF6-17DC-4C16-BAAE-0F9C27CAEED7}"
EndProject
Project("{FAE04EC0-301F-11D3-BF4B-00C04F79EFBC}") = "HR.LeaveManagement.Api", "HR.LeaveManagement.Api\HR.LeaveManagement.Api.csproj", "{64B77F37-FF3F-4BD0-A232-81844C1699C5}"
EndProject
Project("{FAE04EC0-301F-11D3-BF4B-00C04F79EFBC}") = "HR.LeaveManagement.Application.UnitTests", "HR.LeaveManagement.Application.UnitTests\HR.LeaveManagement.Application.UnitTests.csproj", "{A07350A7-934A-414B-8384-E2FF1515EB55}"
EndProject
Project("{FAE04EC0-301F-11D3-BF4B-00C04F79EFBC}") = "HR.LeaveManagement.Persistence.IntegrationTests", "HR.LeaveManagement.Persistence.IntegrationTests\HR.LeaveManagement.Persistence.IntegrationTests.csproj", "{55BF2119-4802-424A-B37D-BBC418F55E1B}"
EndProject
Project("{FAE04EC0-301F-11D3-BF4B-00C04F79EFBC}") = "HR.LeaveManagement.BlazorUI", "HR.LeaveManagement.BlazorUI\HR.LeaveManagement.BlazorUI.csproj", "{CA086424-B764-4A17-B016-2B272B7AC2DF}"
EndProject
Project("{FAE04EC0-301F-11D3-BF4B-00C04F79EFBC}") = "HR.LeaveManagement.Identity", "HR.LeaveManagement.Identity\HR.LeaveManagement.Identity.csproj", "{0FB26812-BD2A-4B57-BA0A-041E722CAD5C}"
EndProject
Global
	GlobalSection(SolutionConfigurationPlatforms) = preSolution
		Debug|Any CPU = Debug|Any CPU
		Release|Any CPU = Release|Any CPU
	EndGlobalSection
	GlobalSection(SolutionProperties) = preSolution
		HideSolutionNode = FALSE
	EndGlobalSection
	GlobalSection(NestedProjects) = preSolution
		{0FB26812-BD2A-4B57-BA0A-041E722CAD5C} = {8BCE52C9-8EB8-4D73-AB15-E06D48130FCE}
		{CA086424-B764-4A17-B016-2B272B7AC2DF} = {A2548F4E-2E06-4987-8E86-84CF4667A8F7}
		{55BF2119-4802-424A-B37D-BBC418F55E1B} = {7D4D713E-9F3D-4E08-83B7-AE74DA0E8FE4}
		{A07350A7-934A-414B-8384-E2FF1515EB55} = {7D4D713E-9F3D-4E08-83B7-AE74DA0E8FE4}
		{64B77F37-FF3F-4BD0-A232-81844C1699C5} = {A389B1B7-866A-4D53-A549-39497154A884}
		{6FD4EBF6-17DC-4C16-BAAE-0F9C27CAEED7} = {8BCE52C9-8EB8-4D73-AB15-E06D48130FCE}
		{5FEF079E-72A7-49C3-ABFB-8CAC6880AA5C} = {8BCE52C9-8EB8-4D73-AB15-E06D48130FCE}
		{DF0099B9-FBD9-49CC-B983-92E138B197B0} = {5AD039EF-294F-4282-A5F2-6ED3DDA2353D}
		{5C13B37C-63B6-486E-A19F-0042D03D97A9} = {5AD039EF-294F-4282-A5F2-6ED3DDA2353D}
		{A2548F4E-2E06-4987-8E86-84CF4667A8F7} = {B714FF98-80C7-4D8D-9740-C7FDDB8EE83C}
		{8BCE52C9-8EB8-4D73-AB15-E06D48130FCE} = {B714FF98-80C7-4D8D-9740-C7FDDB8EE83C}
		{5AD039EF-294F-4282-A5F2-6ED3DDA2353D} = {B714FF98-80C7-4D8D-9740-C7FDDB8EE83C}
		{A389B1B7-866A-4D53-A549-39497154A884} = {B714FF98-80C7-4D8D-9740-C7FDDB8EE83C}
	EndGlobalSection
	GlobalSection(ProjectConfigurationPlatforms) = postSolution
		{5C13B37C-63B6-486E-A19F-0042D03D97A9}.Debug|Any CPU.ActiveCfg = Debug|Any CPU
		{5C13B37C-63B6-486E-A19F-0042D03D97A9}.Debug|Any CPU.Build.0 = Debug|Any CPU
		{5C13B37C-63B6-486E-A19F-0042D03D97A9}.Release|Any CPU.ActiveCfg = Release|Any CPU
		{5C13B37C-63B6-486E-A19F-0042D03D97A9}.Release|Any CPU.Build.0 = Release|Any CPU
		{DF0099B9-FBD9-49CC-B983-92E138B197B0}.Debug|Any CPU.ActiveCfg = Debug|Any CPU
		{DF0099B9-FBD9-49CC-B983-92E138B197B0}.Debug|Any CPU.Build.0 = Debug|Any CPU
		{DF0099B9-FBD9-49CC-B983-92E138B197B0}.Release|Any CPU.ActiveCfg = Release|Any CPU
		{DF0099B9-FBD9-49CC-B983-92E138B197B0}.Release|Any CPU.Build.0 = Release|Any CPU
		{5FEF079E-72A7-49C3-ABFB-8CAC6880AA5C}.Debug|Any CPU.ActiveCfg = Debug|Any CPU
		{5FEF079E-72A7-49C3-ABFB-8CAC6880AA5C}.Debug|Any CPU.Build.0 = Debug|Any CPU
		{5FEF079E-72A7-49C3-ABFB-8CAC6880AA5C}.Release|Any CPU.ActiveCfg = Release|Any CPU
		{5FEF079E-72A7-49C3-ABFB-8CAC6880AA5C}.Release|Any CPU.Build.0 = Release|Any CPU
		{6FD4EBF6-17DC-4C16-BAAE-0F9C27CAEED7}.Debug|Any CPU.ActiveCfg = Debug|Any CPU
		{6FD4EBF6-17DC-4C16-BAAE-0F9C27CAEED7}.Debug|Any CPU.Build.0 = Debug|Any CPU
		{6FD4EBF6-17DC-4C16-BAAE-0F9C27CAEED7}.Release|Any CPU.ActiveCfg = Release|Any CPU
		{6FD4EBF6-17DC-4C16-BAAE-0F9C27CAEED7}.Release|Any CPU.Build.0 = Release|Any CPU
		{64B77F37-FF3F-4BD0-A232-81844C1699C5}.Debug|Any CPU.ActiveCfg = Debug|Any CPU
		{64B77F37-FF3F-4BD0-A232-81844C1699C5}.Debug|Any CPU.Build.0 = Debug|Any CPU
		{64B77F37-FF3F-4BD0-A232-81844C1699C5}.Release|Any CPU.ActiveCfg = Release|Any CPU
		{64B77F37-FF3F-4BD0-A232-81844C1699C5}.Release|Any CPU.Build.0 = Release|Any CPU
		{A07350A7-934A-414B-8384-E2FF1515EB55}.Debug|Any CPU.ActiveCfg = Debug|Any CPU
		{A07350A7-934A-414B-8384-E2FF1515EB55}.Debug|Any CPU.Build.0 = Debug|Any CPU
		{A07350A7-934A-414B-8384-E2FF1515EB55}.Release|Any CPU.ActiveCfg = Release|Any CPU
		{A07350A7-934A-414B-8384-E2FF1515EB55}.Release|Any CPU.Build.0 = Release|Any CPU
		{55BF2119-4802-424A-B37D-BBC418F55E1B}.Debug|Any CPU.ActiveCfg = Debug|Any CPU
		{55BF2119-4802-424A-B37D-BBC418F55E1B}.Debug|Any CPU.Build.0 = Debug|Any CPU
		{55BF2119-4802-424A-B37D-BBC418F55E1B}.Release|Any CPU.ActiveCfg = Release|Any CPU
		{55BF2119-4802-424A-B37D-BBC418F55E1B}.Release|Any CPU.Build.0 = Release|Any CPU
		{CA086424-B764-4A17-B016-2B272B7AC2DF}.Debug|Any CPU.ActiveCfg = Debug|Any CPU
		{CA086424-B764-4A17-B016-2B272B7AC2DF}.Debug|Any CPU.Build.0 = Debug|Any CPU
		{CA086424-B764-4A17-B016-2B272B7AC2DF}.Release|Any CPU.ActiveCfg = Release|Any CPU
		{CA086424-B764-4A17-B016-2B272B7AC2DF}.Release|Any CPU.Build.0 = Release|Any CPU
		{0FB26812-BD2A-4B57-BA0A-041E722CAD5C}.Debug|Any CPU.ActiveCfg = Debug|Any CPU
		{0FB26812-BD2A-4B57-BA0A-041E722CAD5C}.Debug|Any CPU.Build.0 = Debug|Any CPU
		{0FB26812-BD2A-4B57-BA0A-041E722CAD5C}.Release|Any CPU.ActiveCfg = Release|Any CPU
		{0FB26812-BD2A-4B57-BA0A-041E722CAD5C}.Release|Any CPU.Build.0 = Release|Any CPU
	EndGlobalSection
EndGlobal
